
Microsoft Visual Studio Solution File, Format Version 12.00
# Visual Studio 15
VisualStudioVersion = 15.0.26228.0
MinimumVisualStudioVersion = 10.0.40219.1
Project("{FAE04EC0-301F-11D3-BF4B-00C04F79EFBC}") = "WebApplication1", "WebApplication1\WebApplication1.csproj", "{78FDA3EC-2593-4D63-BC10-B23F5111F4CF}"
EndProject
Project("{FAE04EC0-301F-11D3-BF4B-00C04F79EFBC}") = "MyOrleansHost", "MyOrleansHost\MyOrleansHost.csproj", "{DF5784EB-132F-4B9D-AFC1-041A7CCFA18D}"
EndProject
Global
	GlobalSection(SolutionConfigurationPlatforms) = preSolution
		Debug|Any CPU = Debug|Any CPU
		Release|Any CPU = Release|Any CPU
	EndGlobalSection
	GlobalSection(ProjectConfigurationPlatforms) = postSolution
		{78FDA3EC-2593-4D63-BC10-B23F5111F4CF}.Debug|Any CPU.ActiveCfg = Debug|Any CPU
		{78FDA3EC-2593-4D63-BC10-B23F5111F4CF}.Debug|Any CPU.Build.0 = Debug|Any CPU
		{78FDA3EC-2593-4D63-BC10-B23F5111F4CF}.Release|Any CPU.ActiveCfg = Release|Any CPU
		{78FDA3EC-2593-4D63-BC10-B23F5111F4CF}.Release|Any CPU.Build.0 = Release|Any CPU
		{DF5784EB-132F-4B9D-AFC1-041A7CCFA18D}.Debug|Any CPU.ActiveCfg = Debug|Any CPU
		{DF5784EB-132F-4B9D-AFC1-041A7CCFA18D}.Debug|Any CPU.Build.0 = Debug|Any CPU
		{DF5784EB-132F-4B9D-AFC1-041A7CCFA18D}.Release|Any CPU.ActiveCfg = Release|Any CPU
		{DF5784EB-132F-4B9D-AFC1-041A7CCFA18D}.Release|Any CPU.Build.0 = Release|Any CPU
	EndGlobalSection
	GlobalSection(SolutionProperties) = preSolution
		HideSolutionNode = FALSE
	EndGlobalSection
EndGlobal
