
Microsoft Visual Studio Solution File, Format Version 12.00
# Visual Studio 15
VisualStudioVersion = 15.0.26730.3
MinimumVisualStudioVersion = 10.0.40219.1
Project("{9A19103F-16F7-4668-BE54-9A1E7A4F7556}") = "MyOrleansHost", "MyOrleansHost\MyOrleansHost.csproj", "{DF5784EB-132F-4B9D-AFC1-041A7CCFA18D}"
EndProject
Project("{9A19103F-16F7-4668-BE54-9A1E7A4F7556}") = "Orleans.Hosting", "Orleans.Hosting\Orleans.Hosting.csproj", "{9044E1AE-4BD3-4D8C-9FEC-2B6A58E0A234}"
EndProject
Global
	GlobalSection(SolutionConfigurationPlatforms) = preSolution
		Debug|Any CPU = Debug|Any CPU
		Release|Any CPU = Release|Any CPU
	EndGlobalSection
	GlobalSection(ProjectConfigurationPlatforms) = postSolution
		{DF5784EB-132F-4B9D-AFC1-041A7CCFA18D}.Debug|Any CPU.ActiveCfg = Debug|Any CPU
		{DF5784EB-132F-4B9D-AFC1-041A7CCFA18D}.Debug|Any CPU.Build.0 = Debug|Any CPU
		{DF5784EB-132F-4B9D-AFC1-041A7CCFA18D}.Release|Any CPU.ActiveCfg = Release|Any CPU
		{DF5784EB-132F-4B9D-AFC1-041A7CCFA18D}.Release|Any CPU.Build.0 = Release|Any CPU
		{9044E1AE-4BD3-4D8C-9FEC-2B6A58E0A234}.Debug|Any CPU.ActiveCfg = Debug|Any CPU
		{9044E1AE-4BD3-4D8C-9FEC-2B6A58E0A234}.Debug|Any CPU.Build.0 = Debug|Any CPU
		{9044E1AE-4BD3-4D8C-9FEC-2B6A58E0A234}.Release|Any CPU.ActiveCfg = Release|Any CPU
		{9044E1AE-4BD3-4D8C-9FEC-2B6A58E0A234}.Release|Any CPU.Build.0 = Release|Any CPU
	EndGlobalSection
	GlobalSection(SolutionProperties) = preSolution
		HideSolutionNode = FALSE
	EndGlobalSection
	GlobalSection(ExtensibilityGlobals) = postSolution
		SolutionGuid = {FFD1C42D-E408-46F7-858B-3179059AAA7D}
	EndGlobalSection
EndGlobal
